
Microsoft Visual Studio Solution File, Format Version 12.00
# Visual Studio Version 17
VisualStudioVersion = 17.0.32014.148
MinimumVisualStudioVersion = 10.0.40219.1
Project("{9A19103F-16F7-4668-BE54-9A1E7A4F7556}") = "ChessProject3", "ChessProject3\ChessProject3.csproj", "{9895E989-04D6-489F-80C8-8613AE50C5E9}"
EndProject
Global
	GlobalSection(SolutionConfigurationPlatforms) = preSolution
		Debug|Any CPU = Debug|Any CPU
		Debug|x64 = Debug|x64
		Release|Any CPU = Release|Any CPU
		Release|x64 = Release|x64
	EndGlobalSection
	GlobalSection(ProjectConfigurationPlatforms) = postSolution
		{9895E989-04D6-489F-80C8-8613AE50C5E9}.Debug|Any CPU.ActiveCfg = Debug|Any CPU
		{9895E989-04D6-489F-80C8-8613AE50C5E9}.Debug|Any CPU.Build.0 = Debug|Any CPU
		{9895E989-04D6-489F-80C8-8613AE50C5E9}.Debug|x64.ActiveCfg = Debug|x64
		{9895E989-04D6-489F-80C8-8613AE50C5E9}.Debug|x64.Build.0 = Debug|x64
		{9895E989-04D6-489F-80C8-8613AE50C5E9}.Release|Any CPU.ActiveCfg = Release|Any CPU
		{9895E989-04D6-489F-80C8-8613AE50C5E9}.Release|Any CPU.Build.0 = Release|Any CPU
		{9895E989-04D6-489F-80C8-8613AE50C5E9}.Release|x64.ActiveCfg = Release|x64
		{9895E989-04D6-489F-80C8-8613AE50C5E9}.Release|x64.Build.0 = Release|x64
	EndGlobalSection
	GlobalSection(SolutionProperties) = preSolution
		HideSolutionNode = FALSE
	EndGlobalSection
	GlobalSection(ExtensibilityGlobals) = postSolution
		SolutionGuid = {1C1A4020-9E04-4F4D-9DEB-A8703C9C59FB}
	EndGlobalSection
EndGlobal
